
Microsoft Visual Studio Solution File, Format Version 12.00
# Visual Studio Version 17
VisualStudioVersion = 17.13.35818.85
MinimumVisualStudioVersion = 10.0.40219.1
Project("{FAE04EC0-301F-11D3-BF4B-00C04F79EFBC}") = "RTSPCamLib", "RTSPCamLib.csproj", "{9F246E1D-1E40-4F98-A995-4B2984B6DF83}"
EndProject
Project("{FAE04EC0-301F-11D3-BF4B-00C04F79EFBC}") = "RTSPTest", "..\RTSPTest\RTSPTest.csproj", "{D54B98CA-3F78-4337-89BC-713CD037C0AD}"
EndProject
Project("{FAE04EC0-301F-11D3-BF4B-00C04F79EFBC}") = "RTSPCamTestForm", "..\RTSPCamTestForm\RTSPCamTestForm.csproj", "{1F94BBB1-8FDC-421E-A3B6-48CE918A514A}"
EndProject
Global
	GlobalSection(SolutionConfigurationPlatforms) = preSolution
		Debug|Any CPU = Debug|Any CPU
		Release|Any CPU = Release|Any CPU
	EndGlobalSection
	GlobalSection(ProjectConfigurationPlatforms) = postSolution
		{9F246E1D-1E40-4F98-A995-4B2984B6DF83}.Debug|Any CPU.ActiveCfg = Debug|Any CPU
		{9F246E1D-1E40-4F98-A995-4B2984B6DF83}.Debug|Any CPU.Build.0 = Debug|Any CPU
		{9F246E1D-1E40-4F98-A995-4B2984B6DF83}.Release|Any CPU.ActiveCfg = Release|Any CPU
		{9F246E1D-1E40-4F98-A995-4B2984B6DF83}.Release|Any CPU.Build.0 = Release|Any CPU
		{D54B98CA-3F78-4337-89BC-713CD037C0AD}.Debug|Any CPU.ActiveCfg = Debug|Any CPU
		{D54B98CA-3F78-4337-89BC-713CD037C0AD}.Debug|Any CPU.Build.0 = Debug|Any CPU
		{D54B98CA-3F78-4337-89BC-713CD037C0AD}.Release|Any CPU.ActiveCfg = Release|Any CPU
		{D54B98CA-3F78-4337-89BC-713CD037C0AD}.Release|Any CPU.Build.0 = Release|Any CPU
		{1F94BBB1-8FDC-421E-A3B6-48CE918A514A}.Debug|Any CPU.ActiveCfg = Debug|Any CPU
		{1F94BBB1-8FDC-421E-A3B6-48CE918A514A}.Debug|Any CPU.Build.0 = Debug|Any CPU
		{1F94BBB1-8FDC-421E-A3B6-48CE918A514A}.Release|Any CPU.ActiveCfg = Release|Any CPU
		{1F94BBB1-8FDC-421E-A3B6-48CE918A514A}.Release|Any CPU.Build.0 = Release|Any CPU
	EndGlobalSection
	GlobalSection(SolutionProperties) = preSolution
		HideSolutionNode = FALSE
	EndGlobalSection
	GlobalSection(ExtensibilityGlobals) = postSolution
		SolutionGuid = {14C5617B-35BE-422F-8C9A-238AAD2309D4}
	EndGlobalSection
EndGlobal
